// !$*UTF8*$!
{
	archiveVersion = 1;
	classes = {
	};
	objectVersion = 46;
	objects = {

/* Begin PBXBuildFile section */
		1CCABF4A1D8FF03C005C6292 /* AppDelegate.swift in Sources */ = {isa = PBXBuildFile; fileRef = 1CCABF491D8FF03C005C6292 /* AppDelegate.swift */; };
		1CCABF4C1D8FF03C005C6292 /* ViewController.swift in Sources */ = {isa = PBXBuildFile; fileRef = 1CCABF4B1D8FF03C005C6292 /* ViewController.swift */; };
		1CCABF4F1D8FF03C005C6292 /* Main.storyboard in Resources */ = {isa = PBXBuildFile; fileRef = 1CCABF4D1D8FF03C005C6292 /* Main.storyboard */; };
		1CCABF511D8FF03C005C6292 /* Assets.xcassets in Resources */ = {isa = PBXBuildFile; fileRef = 1CCABF501D8FF03C005C6292 /* Assets.xcassets */; };
		1CCABF541D8FF03C005C6292 /* LaunchScreen.storyboard in Resources */ = {isa = PBXBuildFile; fileRef = 1CCABF521D8FF03C005C6292 /* LaunchScreen.storyboard */; };
/* End PBXBuildFile section */

/* Begin PBXFileReference section */
		1CCABF461D8FF03C005C6292 /* AutoLayoutExample.app */ = {isa = PBXFileReference; explicitFileType = wrapper.application; includeInIndex = 0; path = AutoLayoutExample.app; sourceTree = BUILT_PRODUCTS_DIR; };
		1CCABF491D8FF03C005C6292 /* AppDelegate.swift */ = {isa = PBXFileReference; lastKnownFileType = sourcecode.swift; path = AppDelegate.swift; sourceTree = "<group>"; };
		1CCABF4B1D8FF03C005C6292 /* ViewController.swift */ = {isa = PBXFileReference; lastKnownFileType = sourcecode.swift; path = ViewController.swift; sourceTree = "<group>"; };
		1CCABF4E1D8FF03C005C6292 /* Base */ = {isa = PBXFileReference; lastKnownFileType = file.storyboard; name = Base; path = Base.lproj/Main.storyboard; sourceTree = "<group>"; };
		1CCABF501D8FF03C005C6292 /* Assets.xcassets */ = {isa = PBXFileReference; lastKnownFileType = folder.assetcatalog; path = Assets.xcassets; sourceTree = "<group>"; };
		1CCABF531D8FF03C005C6292 /* Base */ = {isa = PBXFileReference; lastKnownFileType = file.storyboard; name = Base; path = Base.lproj/LaunchScreen.storyboard; sourceTree = "<group>"; };
		1CCABF551D8FF03C005C6292 /* Info.plist */ = {isa = PBXFileReference; lastKnownFileType = text.plist.xml; path = Info.plist; sourceTree = "<group>"; };
/* End PBXFileReference section */

/* Begin PBXFrameworksBuildPhase section */
		1CCABF431D8FF03C005C6292 /* Frameworks */ = {
			isa = PBXFrameworksBuildPhase;
			buildActionMask = 2147483647;
			files = (
			);
			runOnlyForDeploymentPostprocessing = 0;
		};
/* End PBXFrameworksBuildPhase section */

/* Begin PBXGroup section */
		1CCABF3D1D8FF03C005C6292 = {
			isa = PBXGroup;
			children = (
				1CCABF481D8FF03C005C6292 /* AutoLayoutExample */,
				1CCABF471D8FF03C005C6292 /* Products */,
			);
			sourceTree = "<group>";
		};
		1CCABF471D8FF03C005C6292 /* Products */ = {
			isa = PBXGroup;
			children = (
				1CCABF461D8FF03C005C6292 /* AutoLayoutExample.app */,
			);
			name = Products;
			sourceTree = "<group>";
		};
		1CCABF481D8FF03C005C6292 /* AutoLayoutExample */ = {
			isa = PBXGroup;
			children = (
				1CCABF491D8FF03C005C6292 /* AppDelegate.swift */,
				1CCABF4B1D8FF03C005C6292 /* ViewController.swift */,
				1CCABF4D1D8FF03C005C6292 /* Main.storyboard */,
				1CCABF501D8FF03C005C6292 /* Assets.xcassets */,
				1CCABF521D8FF03C005C6292 /* LaunchScreen.storyboard */,
				1CCABF551D8FF03C005C6292 /* Info.plist */,
			);
			path = AutoLayoutExample;
			sourceTree = "<group>";
		};
/* End PBXGroup section */

/* Begin PBXNativeTarget section */
		1CCABF451D8FF03C005C6292 /* AutoLayoutExample */ = {
			isa = PBXNativeTarget;
			buildConfigurationList = 1CCABF581D8FF03C005C6292 /* Build configuration list for PBXNativeTarget "AutoLayoutExample" */;
			buildPhases = (
				1CCABF421D8FF03C005C6292 /* Sources */,
				1CCABF431D8FF03C005C6292 /* Frameworks */,
				1CCABF441D8FF03C005C6292 /* Resources */,
			);
			buildRules = (
			);
			dependencies = (
			);
			name = AutoLayoutExample;
			productName = AutoLayoutExample;
			productReference = 1CCABF461D8FF03C005C6292 /* AutoLayoutExample.app */;
			productType = "com.apple.product-type.application";
		};
/* End PBXNativeTarget section */

/* Begin PBXProject section */
		1CCABF3E1D8FF03C005C6292 /* Project object */ = {
			isa = PBXProject;
			attributes = {
				LastSwiftUpdateCheck = 0800;
				LastUpgradeCheck = 0800;
				ORGANIZATIONNAME = "Quang Minh Trinh";
				TargetAttributes = {
					1CCABF451D8FF03C005C6292 = {
						CreatedOnToolsVersion = 8.0;
						DevelopmentTeam = M2T6Z3VFYT;
						ProvisioningStyle = Automatic;
					};
				};
			};
			buildConfigurationList = 1CCABF411D8FF03C005C6292 /* Build configuration list for PBXProject "AutoLayoutExample" */;
			compatibilityVersion = "Xcode 3.2";
			developmentRegion = English;
			hasScannedForEncodings = 0;
			knownRegions = (
				en,
				Base,
			);
			mainGroup = 1CCABF3D1D8FF03C005C6292;
			productRefGroup = 1CCABF471D8FF03C005C6292 /* Products */;
			projectDirPath = "";
			projectRoot = "";
			targets = (
				1CCABF451D8FF03C005C6292 /* AutoLayoutExample */,
			);
		};
/* End PBXProject section */

/* Begin PBXResourcesBuildPhase section */
		1CCABF441D8FF03C005C6292 /* Resources */ = {
			isa = PBXResourcesBuildPhase;
			buildActionMask = 2147483647;
			files = (
				1CCABF541D8FF03C005C6292 /* LaunchScreen.storyboard in Resources */,
				1CCABF511D8FF03C005C6292 /* Assets.xcassets in Resources */,
				1CCABF4F1D8FF03C005C6292 /* Main.storyboard in Resources */,
			);
			runOnlyForDeploymentPostprocessing = 0;
		};
/* End PBXResourcesBuildPhase section */

/* Begin PBXSourcesBuildPhase section */
		1CCABF421D8FF03C005C6292 /* Sources */ = {
			isa = PBXSourcesBuildPhase;
			buildActionMask = 2147483647;
			files = (
				1CCABF4C1D8FF03C005C6292 /* ViewController.swift in Sources */,
				1CCABF4A1D8FF03C005C6292 /* AppDelegate.swift in Sources */,
			);
			runOnlyForDeploymentPostprocessing = 0;
		};
/* End PBXSourcesBuildPhase section */

/* Begin PBXVariantGroup section */
		1CCABF4D1D8FF03C005C6292 /* Main.storyboard */ = {
			isa = PBXVariantGroup;
			children = (
				1CCABF4E1D8FF03C005C6292 /* Base */,
			);
			name = Main.storyboard;
			sourceTree = "<group>";
		};
		1CCABF521D8FF03C005C6292 /* LaunchScreen.storyboard */ = {
			isa = PBXVariantGroup;
			children = (
				1CCABF531D8FF03C005C6292 /* Base */,
			);
			name = LaunchScreen.storyboard;
			sourceTree = "<group>";
		};
/* End PBXVariantGroup section */

/* Begin XCBuildConfiguration section */
		1CCABF561D8FF03C005C6292 /* Debug */ = {
			isa = XCBuildConfiguration;
			buildSettings = {
				ALWAYS_SEARCH_USER_PATHS = NO;
				CLANG_ANALYZER_NONNULL = YES;
				CLANG_CXX_LANGUAGE_STANDARD = "gnu++0x";
				CLANG_CXX_LIBRARY = "libc++";
				CLANG_ENABLE_MODULES = YES;
				CLANG_ENABLE_OBJC_ARC = YES;
				CLANG_WARN_BOOL_CONVERSION = YES;
				CLANG_WARN_CONSTANT_CONVERSION = YES;
				CLANG_WARN_DIRECT_OBJC_ISA_USAGE = YES_ERROR;
				CLANG_WARN_DOCUMENTATION_COMMENTS = YES;
				CLANG_WARN_EMPTY_BODY = YES;
				CLANG_WARN_ENUM_CONVERSION = YES;
				CLANG_WARN_INFINITE_RECURSION = YES;
				CLANG_WARN_INT_CONVERSION = YES;
				CLANG_WARN_OBJC_ROOT_CLASS = YES_ERROR;
				CLANG_WARN_SUSPICIOUS_MOVES = YES;
				CLANG_WARN_UNREACHABLE_CODE = YES;
				CLANG_WARN__DUPLICATE_METHOD_MATCH = YES;
				"CODE_SIGN_IDENTITY[sdk=iphoneos*]" = "iPhone Developer";
				COPY_PHASE_STRIP = NO;
				DEBUG_INFORMATION_FORMAT = dwarf;
				ENABLE_STRICT_OBJC_MSGSEND = YES;
				ENABLE_TESTABILITY = YES;
				GCC_C_LANGUAGE_STANDARD = gnu99;
				GCC_DYNAMIC_NO_PIC = NO;
				GCC_NO_COMMON_BLOCKS = YES;
				GCC_OPTIMIZATION_LEVEL = 0;
				GCC_PREPROCESSOR_DEFINITIONS = (
					"DEBUG=1",
					"$(inherited)",
				);
				GCC_WARN_64_TO_32_BIT_CONVERSION = YES;
				GCC_WARN_ABOUT_RETURN_TYPE = YES_ERROR;
				GCC_WARN_UNDECLARED_SELECTOR = YES;
				GCC_WARN_UNINITIALIZED_AUTOS = YES_AGGRESSIVE;
				GCC_WARN_UNUSED_FUNCTION = YES;
				GCC_WARN_UNUSED_VARIABLE = YES;
				IPHONEOS_DEPLOYMENT_TARGET = 10.0;
				MTL_ENABLE_DEBUG_INFO = YES;
				ONLY_ACTIVE_ARCH = YES;
				SDKROOT = iphoneos;
				SWIFT_ACTIVE_COMPILATION_CONDITIONS = DEBUG;
				SWIFT_OPTIMIZATION_LEVEL = "-Onone";
			};
			name = Debug;
		};
		1CCABF571D8FF03C005C6292 /* Release */ = {
			isa = XCBuildConfiguration;
			buildSettings = {
				ALWAYS_SEARCH_USER_PATHS = NO;
				CLANG_ANALYZER_NONNULL = YES;
				CLANG_CXX_LANGUAGE_STANDARD = "gnu++0x";
				CLANG_CXX_LIBRARY = "libc++";
				CLANG_ENABLE_MODULES = YES;
				CLANG_ENABLE_OBJC_ARC = YES;
				CLANG_WARN_BOOL_CONVERSION = YES;
				CLANG_WARN_CONSTANT_CONVERSION = YES;
				CLANG_WARN_DIRECT_OBJC_ISA_USAGE = YES_ERROR;
				CLANG_WARN_DOCUMENTATION_COMMENTS = YES;
				CLANG_WARN_EMPTY_BODY = YES;
				CLANG_WARN_ENUM_CONVERSION = YES;
				CLANG_WARN_INFINITE_RECURSION = YES;
				CLANG_WARN_INT_CONVERSION = YES;
				CLANG_WARN_OBJC_ROOT_CLASS = YES_ERROR;
				CLANG_WARN_SUSPICIOUS_MOVES = YES;
				CLANG_WARN_UNREACHABLE_CODE = YES;
				CLANG_WARN__DUPLICATE_METHOD_MATCH = YES;
				"CODE_SIGN_IDENTITY[sdk=iphoneos*]" = "iPhone Developer";
				COPY_PHASE_STRIP = NO;
				DEBUG_INFORMATION_FORMAT = "dwarf-with-dsym";
				ENABLE_NS_ASSERTIONS = NO;
				ENABLE_STRICT_OBJC_MSGSEND = YES;
				GCC_C_LANGUAGE_STANDARD = gnu99;
				GCC_NO_COMMON_BLOCKS = YES;
				GCC_WARN_64_TO_32_BIT_CONVERSION = YES;
				GCC_WARN_ABOUT_RETURN_TYPE = YES_ERROR;
				GCC_WARN_UNDECLARED_SELECTOR = YES;
				GCC_WARN_UNINITIALIZED_AUTOS = YES_AGGRESSIVE;
				GCC_WARN_UNUSED_FUNCTION = YES;
				GCC_WARN_UNUSED_VARIABLE = YES;
				IPHONEOS_DEPLOYMENT_TARGET = 10.0;
				MTL_ENABLE_DEBUG_INFO = NO;
				SDKROOT = iphoneos;
				SWIFT_OPTIMIZATION_LEVEL = "-Owholemodule";
				VALIDATE_PRODUCT = YES;
			};
			name = Release;
		};
		1CCABF591D8FF03C005C6292 /* Debug */ = {
			isa = XCBuildConfiguration;
			buildSettings = {
				ASSETCATALOG_COMPILER_APPICON_NAME = AppIcon;
				DEVELOPMENT_TEAM = M2T6Z3VFYT;
				INFOPLIST_FILE = AutoLayoutExample/Info.plist;
				LD_RUNPATH_SEARCH_PATHS = "$(inherited) @executable_path/Frameworks";
				PRODUCT_BUNDLE_IDENTIFIER = "Quang-Minh-Trinh.AutoLayoutExample";
				PRODUCT_NAME = "$(TARGET_NAME)";
				SWIFT_VERSION = 3.0;
			};
			name = Debug;
		};
		1CCABF5A1D8FF03C005C6292 /* Release */ = {
			isa = XCBuildConfiguration;
			buildSettings = {
				ASSETCATALOG_COMPILER_APPICON_NAME = AppIcon;
				DEVELOPMENT_TEAM = M2T6Z3VFYT;
				INFOPLIST_FILE = AutoLayoutExample/Info.plist;
				LD_RUNPATH_SEARCH_PATHS = "$(inherited) @executable_path/Frameworks";
				PRODUCT_BUNDLE_IDENTIFIER = "Quang-Minh-Trinh.AutoLayoutExample";
				PRODUCT_NAME = "$(TARGET_NAME)";
				SWIFT_VERSION = 3.0;
			};
			name = Release;
		};
/* End XCBuildConfiguration section */

/* Begin XCConfigurationList section */
		1CCABF411D8FF03C005C6292 /* Build configuration list for PBXProject "AutoLayoutExample" */ = {
			isa = XCConfigurationList;
			buildConfigurations = (
				1CCABF561D8FF03C005C6292 /* Debug */,
				1CCABF571D8FF03C005C6292 /* Release */,
			);
			defaultConfigurationIsVisible = 0;
			defaultConfigurationName = Release;
		};
		1CCABF581D8FF03C005C6292 /* Build configuration list for PBXNativeTarget "AutoLayoutExample" */ = {
			isa = XCConfigurationList;
			buildConfigurations = (
				1CCABF591D8FF03C005C6292 /* Debug */,
				1CCABF5A1D8FF03C005C6292 /* Release */,
			);
			defaultConfigurationIsVisible = 0;
		};
/* End XCConfigurationList section */
	};
	rootObject = 1CCABF3E1D8FF03C005C6292 /* Project object */;
}
